# THIS IS AN AUTOGENERATED FILE. DO NOT EDIT THIS FILE DIRECTLY.
# yarn lockfile v1
redux-actions-helpers:
  version "1.0.2"
  resolved "https://registry.yarnpkg.com/redux-actions-helpers/-/redux-actions-helpers-1.0.2.tgz#6d9e1927cdf8d3184cded126a179a2b24d5a8934"

typescript@next:
  version "2.1.0-dev.20161027"
  resolved "https://registry.yarnpkg.com/typescript/-/typescript-2.1.0-dev.20161027.tgz#f6456102956dee194398fa1ad093b944c8db4f0a"

